
Microsoft Visual Studio Solution File, Format Version 12.00
# Visual Studio Version 17
VisualStudioVersion = 17.3.32825.248
MinimumVisualStudioVersion = 10.0.40219.1
Project("{9A19103F-16F7-4668-BE54-9A1E7A4F7556}") = "Web2", "Web2\Web2.csproj", "{4E6DE784-367F-4EA2-9A4F-EE39683F7F3B}"
EndProject
Global
	GlobalSection(SolutionConfigurationPlatforms) = preSolution
		Debug|Any CPU = Debug|Any CPU
		Release|Any CPU = Release|Any CPU
	EndGlobalSection
	GlobalSection(ProjectConfigurationPlatforms) = postSolution
		{4E6DE784-367F-4EA2-9A4F-EE39683F7F3B}.Debug|Any CPU.ActiveCfg = Debug|Any CPU
		{4E6DE784-367F-4EA2-9A4F-EE39683F7F3B}.Debug|Any CPU.Build.0 = Debug|Any CPU
		{4E6DE784-367F-4EA2-9A4F-EE39683F7F3B}.Release|Any CPU.ActiveCfg = Release|Any CPU
		{4E6DE784-367F-4EA2-9A4F-EE39683F7F3B}.Release|Any CPU.Build.0 = Release|Any CPU
	EndGlobalSection
	GlobalSection(SolutionProperties) = preSolution
		HideSolutionNode = FALSE
	EndGlobalSection
	GlobalSection(ExtensibilityGlobals) = postSolution
		SolutionGuid = {0BBE53F1-EA55-4F01-804C-A1586442E630}
	EndGlobalSection
EndGlobal
